
Microsoft Visual Studio Solution File, Format Version 12.00
# Visual Studio Version 16
VisualStudioVersion = 16.0.31702.278
MinimumVisualStudioVersion = 10.0.40219.1
Project("{FAE04EC0-301F-11D3-BF4B-00C04F79EFBC}") = "Calculator", "Calculator\Calculator.csproj", "{4C6C3A4C-C032-49F3-A20E-C6B6896AF539}"
EndProject
Global
	GlobalSection(SolutionConfigurationPlatforms) = preSolution
		Debug|Any CPU = Debug|Any CPU
		Release|Any CPU = Release|Any CPU
	EndGlobalSection
	GlobalSection(ProjectConfigurationPlatforms) = postSolution
		{4C6C3A4C-C032-49F3-A20E-C6B6896AF539}.Debug|Any CPU.ActiveCfg = Debug|Any CPU
		{4C6C3A4C-C032-49F3-A20E-C6B6896AF539}.Debug|Any CPU.Build.0 = Debug|Any CPU
		{4C6C3A4C-C032-49F3-A20E-C6B6896AF539}.Release|Any CPU.ActiveCfg = Release|Any CPU
		{4C6C3A4C-C032-49F3-A20E-C6B6896AF539}.Release|Any CPU.Build.0 = Release|Any CPU
	EndGlobalSection
	GlobalSection(SolutionProperties) = preSolution
		HideSolutionNode = FALSE
	EndGlobalSection
	GlobalSection(ExtensibilityGlobals) = postSolution
		SolutionGuid = {85914943-5728-4A69-B6BA-97C8E798054C}
	EndGlobalSection
EndGlobal
